Microsoft Visual Studio Solution File, Format Version 10.00
# Visual Studio 2008
Project("{004BB0C3-FECA-1BAD-004B-B0C3004BB0C3}") = "MoDIS", "MoDIS\MoDIS.vcproj", "{004BB0C3-FECA-1BAD-004B-B0C3004BB0C3}"
	ProjectSection(ProjectDependencies) = postProject
	{0000674D-FECA-1BAD-0000-674D0000674D} = {0000674D-FECA-1BAD-0000-674D0000674D}
	{894244E9-FECA-1BAD-8942-44E9894244E9} = {894244E9-FECA-1BAD-8942-44E9894244E9}
	{65834535-FECA-1BAD-6583-453565834535} = {65834535-FECA-1BAD-6583-453565834535}
	{06676AF2-FECA-1BAD-0667-6AF206676AF2} = {06676AF2-FECA-1BAD-0667-6AF206676AF2}
	{AF7903A7-FECA-1BAD-AF79-03A7AF7903A7} = {AF7903A7-FECA-1BAD-AF79-03A7AF7903A7}
	{AF799E52-FECA-1BAD-AF79-9E52AF799E52} = {AF799E52-FECA-1BAD-AF79-9E52AF799E52}
	{665D4845-FECA-1BAD-665D-4845665D4845} = {665D4845-FECA-1BAD-665D-4845665D4845}
	{00652730-FECA-1BAD-0065-273000652730} = {00652730-FECA-1BAD-0065-273000652730}
	{00652356-FECA-1BAD-0065-235600652356} = {00652356-FECA-1BAD-0065-235600652356}
	{395FE9AB-FECA-1BAD-395F-E9AB395FE9AB} = {395FE9AB-FECA-1BAD-395F-E9AB395FE9AB}
	{7B49C9C4-FECA-1BAD-7B49-C9C47B49C9C4} = {7B49C9C4-FECA-1BAD-7B49-C9C47B49C9C4}
	{7490FC70-FECA-1BAD-7490-FC707490FC70} = {7490FC70-FECA-1BAD-7490-FC707490FC70}
	{6534275B-FECA-1BAD-6534-275B6534275B} = {6534275B-FECA-1BAD-6534-275B6534275B}
	{00000653-FECA-1BAD-0000-065300000653} = {00000653-FECA-1BAD-0000-065300000653}
	{00006544-FECA-1BAD-0000-654400006544} = {00006544-FECA-1BAD-0000-654400006544}
	{000065E5-FECA-1BAD-0000-65E5000065E5} = {000065E5-FECA-1BAD-0000-65E5000065E5}
	{065E6E22-FECA-1BAD-065E-6E22065E6E22} = {065E6E22-FECA-1BAD-065E-6E22065E6E22}
	{00065E43-FECA-1BAD-0006-5E4300065E43} = {00065E43-FECA-1BAD-0006-5E4300065E43}
	{000659BD-FECA-1BAD-0006-59BD000659BD} = {000659BD-FECA-1BAD-0006-59BD000659BD}
	{065980F7-FECA-1BAD-0659-80F7065980F7} = {065980F7-FECA-1BAD-0659-80F7065980F7}
	{598B9676-FECA-1BAD-598B-9676598B9676} = {598B9676-FECA-1BAD-598B-9676598B9676}
	{00644262-FECA-1BAD-0064-426200644262} = {00644262-FECA-1BAD-0064-426200644262}
	{0642429D-FECA-1BAD-0642-429D0642429D} = {0642429D-FECA-1BAD-0642-429D0642429D}
	{00062621-FECA-1BAD-0006-262100062621} = {00062621-FECA-1BAD-0006-262100062621}
	{0000634D-FECA-1BAD-0000-634D0000634D} = {0000634D-FECA-1BAD-0000-634D0000634D}
	{63539F30-FECA-1BAD-6353-9F3063539F30} = {63539F30-FECA-1BAD-6353-9F3063539F30}
	{63538533-FECA-1BAD-6353-853363538533} = {63538533-FECA-1BAD-6353-853363538533}
	{635385FD-FECA-1BAD-6353-85FD635385FD} = {635385FD-FECA-1BAD-6353-85FD635385FD}
	{00006360-FECA-1BAD-0000-636000006360} = {00006360-FECA-1BAD-0000-636000006360}
	{000063A3-FECA-1BAD-0000-63A3000063A3} = {000063A3-FECA-1BAD-0000-63A3000063A3}
	{3919FE2F-FECA-1BAD-3919-FE2F3919FE2F} = {3919FE2F-FECA-1BAD-3919-FE2F3919FE2F}
	{00060A02-FECA-1BAD-0006-0A0200060A02} = {00060A02-FECA-1BAD-0006-0A0200060A02}
	{60B33849-FECA-1BAD-60B3-384960B33849} = {60B33849-FECA-1BAD-60B3-384960B33849}
	{384CE580-FECA-1BAD-384C-E580384CE580} = {384CE580-FECA-1BAD-384C-E580384CE580}
	{000060A2-FECA-1BAD-0000-60A2000060A2} = {000060A2-FECA-1BAD-0000-60A2000060A2}
	{000060A4-FECA-1BAD-0000-60A4000060A4} = {000060A4-FECA-1BAD-0000-60A4000060A4}
	{00000613-FECA-1BAD-0000-061300000613} = {00000613-FECA-1BAD-0000-061300000613}
	{00006129-FECA-1BAD-0000-612900006129} = {00006129-FECA-1BAD-0000-612900006129}
	{612C964D-FECA-1BAD-612C-964D612C964D} = {612C964D-FECA-1BAD-612C-964D612C964D}
	{612C9444-FECA-1BAD-612C-9444612C9444} = {612C9444-FECA-1BAD-612C-9444612C9444}
	{D9584037-FECA-1BAD-D958-4037D9584037} = {D9584037-FECA-1BAD-D958-4037D9584037}
	{D9584013-FECA-1BAD-D958-4013D9584013} = {D9584013-FECA-1BAD-D958-4013D9584013}
	{611D9356-FECA-1BAD-611D-9356611D9356} = {611D9356-FECA-1BAD-611D-9356611D9356}
	{00006073-FECA-1BAD-0000-607300006073} = {00006073-FECA-1BAD-0000-607300006073}
	{60768533-FECA-1BAD-6076-853360768533} = {60768533-FECA-1BAD-6076-853360768533}
	{60394FF7-FECA-1BAD-6039-4FF760394FF7} = {60394FF7-FECA-1BAD-6039-4FF760394FF7}
	{F8219676-FECA-1BAD-F821-9676F8219676} = {F8219676-FECA-1BAD-F821-9676F8219676}
	{0006F8E4-FECA-1BAD-0006-F8E40006F8E4} = {0006F8E4-FECA-1BAD-0006-F8E40006F8E4}
	{F0782421-FECA-1BAD-F078-2421F0782421} = {F0782421-FECA-1BAD-F078-2421F0782421}
	{006E6246-FECA-1BAD-006E-6246006E6246} = {006E6246-FECA-1BAD-006E-6246006E6246}
	{00006D7C-FECA-1BAD-0000-6D7C00006D7C} = {00006D7C-FECA-1BAD-0000-6D7C00006D7C}
	{195A643D-FECA-1BAD-195A-643D195A643D} = {195A643D-FECA-1BAD-195A-643D195A643D}
	{06F2BE53-FECA-1BAD-06F2-BE5306F2BE53} = {06F2BE53-FECA-1BAD-06F2-BE5306F2BE53}
	{969BF86D-FECA-1BAD-969B-F86D969BF86D} = {969BF86D-FECA-1BAD-969B-F86D969BF86D}
	{00006AA3-FECA-1BAD-0000-6AA300006AA3} = {00006AA3-FECA-1BAD-0000-6AA300006AA3}
	{00006B64-FECA-1BAD-0000-6B6400006B64} = {00006B64-FECA-1BAD-0000-6B6400006B64}
	{0006B636-FECA-1BAD-0006-B6360006B636} = {0006B636-FECA-1BAD-0006-B6360006B636}
	{00006B54-FECA-1BAD-0000-6B5400006B54} = {00006B54-FECA-1BAD-0000-6B5400006B54}
	{0006B446-FECA-1BAD-0006-B4460006B446} = {0006B446-FECA-1BAD-0006-B4460006B446}
	{006B32F1-FECA-1BAD-006B-32F1006B32F1} = {006B32F1-FECA-1BAD-006B-32F1006B32F1}
	{32F4961B-FECA-1BAD-32F4-961B32F4961B} = {32F4961B-FECA-1BAD-32F4-961B32F4961B}
	{95A643AA-FECA-1BAD-95A6-43AA95A643AA} = {95A643AA-FECA-1BAD-95A6-43AA95A643AA}
	{6B8959BD-FECA-1BAD-6B89-59BD6B8959BD} = {6B8959BD-FECA-1BAD-6B89-59BD6B8959BD}
	{6BBC9670-FECA-1BAD-6BBC-96706BBC9670} = {6BBC9670-FECA-1BAD-6BBC-96706BBC9670}
	{BBC95843-FECA-1BAD-BBC9-5843BBC95843} = {BBC95843-FECA-1BAD-BBC9-5843BBC95843}
	{5CBB3D77-FECA-1BAD-5CBB-3D775CBB3D77} = {5CBB3D77-FECA-1BAD-5CBB-3D775CBB3D77}
	{47D9A4DA-FECA-1BAD-47D9-A4DA47D9A4DA} = {47D9A4DA-FECA-1BAD-47D9-A4DA47D9A4DA}
	{852564E9-FECA-1BAD-8525-64E9852564E9} = {852564E9-FECA-1BAD-8525-64E9852564E9}
	{42584FEB-FECA-1BAD-4258-4FEB42584FEB} = {42584FEB-FECA-1BAD-4258-4FEB42584FEB}
	{92E69A3F-FECA-1BAD-92E6-9A3F92E69A3F} = {92E69A3F-FECA-1BAD-92E6-9A3F92E69A3F}
	{00006A6C-FECA-1BAD-0000-6A6C00006A6C} = {00006A6C-FECA-1BAD-0000-6A6C00006A6C}
	{09424439-FECA-1BAD-0942-443909424439} = {09424439-FECA-1BAD-0942-443909424439}
	{09381921-FECA-1BAD-0938-192109381921} = {09381921-FECA-1BAD-0938-192109381921}
	{A2D23531-FECA-1BAD-A2D2-3531A2D23531} = {A2D23531-FECA-1BAD-A2D2-3531A2D23531}
	{00069364-FECA-1BAD-0006-936400069364} = {00069364-FECA-1BAD-0006-936400069364}
	{0069147D-FECA-1BAD-0069-147D0069147D} = {0069147D-FECA-1BAD-0069-147D0069147D}
	{1478855A-FECA-1BAD-1478-855A1478855A} = {1478855A-FECA-1BAD-1478-855A1478855A}
	{84E02489-FECA-1BAD-84E0-248984E02489} = {84E02489-FECA-1BAD-84E0-248984E02489}
	{00685562-FECA-1BAD-0068-556200685562} = {00685562-FECA-1BAD-0068-556200685562}
	{559B9290-FECA-1BAD-559B-9290559B9290} = {559B9290-FECA-1BAD-559B-9290559B9290}
	{076B31FE-FECA-1BAD-076B-31FE076B31FE} = {076B31FE-FECA-1BAD-076B-31FE076B31FE}
	{7480F225-FECA-1BAD-7480-F2257480F225} = {7480F225-FECA-1BAD-7480-F2257480F225}
	{F220F1B3-FECA-1BAD-F220-F1B3F220F1B3} = {F220F1B3-FECA-1BAD-F220-F1B3F220F1B3}
	{0074625D-FECA-1BAD-0074-625D0074625D} = {0074625D-FECA-1BAD-0074-625D0074625D}
	{0074622D-FECA-1BAD-0074-622D0074622D} = {0074622D-FECA-1BAD-0074-622D0074622D}
	{95A64245-FECA-1BAD-95A6-424595A64245} = {95A64245-FECA-1BAD-95A6-424595A64245}
	{000754B0-FECA-1BAD-0007-54B0000754B0} = {000754B0-FECA-1BAD-0007-54B0000754B0}
	{00075459-FECA-1BAD-0007-545900075459} = {00075459-FECA-1BAD-0007-545900075459}
	{00075FE2-FECA-1BAD-0007-5FE200075FE2} = {00075FE2-FECA-1BAD-0007-5FE200075FE2}
	{A3259323-FECA-1BAD-A325-9323A3259323} = {A3259323-FECA-1BAD-A325-9323A3259323}
	{0000075D-FECA-1BAD-0000-075D0000075D} = {0000075D-FECA-1BAD-0000-075D0000075D}
	{000075A3-FECA-1BAD-0000-75A3000075A3} = {000075A3-FECA-1BAD-0000-75A3000075A3}
	{075A5AF2-FECA-1BAD-075A-5AF2075A5AF2} = {075A5AF2-FECA-1BAD-075A-5AF2075A5AF2}
	{00758240-FECA-1BAD-0075-824000758240} = {00758240-FECA-1BAD-0075-824000758240}
	{00007593-FECA-1BAD-0000-759300007593} = {00007593-FECA-1BAD-0000-759300007593}
	{00007444-FECA-1BAD-0000-744400007444} = {00007444-FECA-1BAD-0000-744400007444}
	{74418533-FECA-1BAD-7441-853374418533} = {74418533-FECA-1BAD-7441-853374418533}
	{00074263-FECA-1BAD-0007-426300074263} = {00074263-FECA-1BAD-0007-426300074263}
	{0007426C-FECA-1BAD-0007-426C0007426C} = {0007426C-FECA-1BAD-0007-426C0007426C}
	{74E69F94-FECA-1BAD-74E6-9F9474E69F94} = {74E69F94-FECA-1BAD-74E6-9F9474E69F94}
	{74E68533-FECA-1BAD-74E6-853374E68533} = {74E68533-FECA-1BAD-74E6-853374E68533}
	{074E423D-FECA-1BAD-074E-423D074E423D} = {074E423D-FECA-1BAD-074E-423D074E423D}
	{007246E0-FECA-1BAD-0072-46E0007246E0} = {007246E0-FECA-1BAD-0072-46E0007246E0}
	{6E58182D-FECA-1BAD-6E58-182D6E58182D} = {6E58182D-FECA-1BAD-6E58-182D6E58182D}
	{00007344-FECA-1BAD-0000-734400007344} = {00007344-FECA-1BAD-0000-734400007344}
	{00007338-FECA-1BAD-0000-733800007338} = {00007338-FECA-1BAD-0000-733800007338}
	{00705644-FECA-1BAD-0070-564400705644} = {00705644-FECA-1BAD-0070-564400705644}
	{38284600-FECA-1BAD-3828-460038284600} = {38284600-FECA-1BAD-3828-460038284600}
	{0070248F-FECA-1BAD-0070-248F0070248F} = {0070248F-FECA-1BAD-0070-248F0070248F}
	{0070F23F-FECA-1BAD-0070-F23F0070F23F} = {0070F23F-FECA-1BAD-0070-F23F0070F23F}
	{3A95E2C1-FECA-1BAD-3A95-E2C13A95E2C1} = {3A95E2C1-FECA-1BAD-3A95-E2C13A95E2C1}
	{E2C4BFA6-FECA-1BAD-E2C4-BFA6E2C4BFA6} = {E2C4BFA6-FECA-1BAD-E2C4-BFA6E2C4BFA6}
	{F23A8543-FECA-1BAD-F23A-8543F23A8543} = {F23A8543-FECA-1BAD-F23A-8543F23A8543}
	{071F803F-FECA-1BAD-071F-803F071F803F} = {071F803F-FECA-1BAD-071F-803F071F803F}
	{000071A4-FECA-1BAD-0000-71A4000071A4} = {000071A4-FECA-1BAD-0000-71A4000071A4}
	{0007EBB0-FECA-1BAD-0007-EBB00007EBB0} = {0007EBB0-FECA-1BAD-0007-EBB00007EBB0}
	{007FE45C-FECA-1BAD-007F-E45C007FE45C} = {007FE45C-FECA-1BAD-007F-E45C007FE45C}
	{E459974F-FECA-1BAD-E459-974FE459974F} = {E459974F-FECA-1BAD-E459-974FE459974F}
	EndProjectSection
EndProject
Project("{0000674D-FECA-1BAD-0000-674D0000674D}") = "abm", "abm\abm.vcproj", "{0000674D-FECA-1BAD-0000-674D0000674D}"
EndProject
Project("{894244E9-FECA-1BAD-8942-44E9894244E9}") = "abm_custom", "abm_custom\abm_custom.vcproj", "{894244E9-FECA-1BAD-8942-44E9894244E9}"
EndProject
Project("{65834535-FECA-1BAD-6583-453565834535}") = "ap_tssec", "ap_tssec\ap_tssec.vcproj", "{65834535-FECA-1BAD-6583-453565834535}"
EndProject
Project("{06676AF2-FECA-1BAD-0667-6AF206676AF2}") = "applib", "applib\applib.vcproj", "{06676AF2-FECA-1BAD-0667-6AF206676AF2}"
EndProject
Project("{AF7903A7-FECA-1BAD-AF79-03A7AF7903A7}") = "applib_asn1", "applib_asn1\applib_asn1.vcproj", "{AF7903A7-FECA-1BAD-AF79-03A7AF7903A7}"
EndProject
Project("{AF799E52-FECA-1BAD-AF79-9E52AF799E52}") = "applib_inet", "applib_inet\applib_inet.vcproj", "{AF799E52-FECA-1BAD-AF79-9E52AF799E52}"
EndProject
Project("{665D4845-FECA-1BAD-665D-4845665D4845}") = "asn1_re", "asn1_re\asn1_re.vcproj", "{665D4845-FECA-1BAD-665D-4845665D4845}"
EndProject
Project("{00652730-FECA-1BAD-0065-273000652730}") = "btadp", "btadp\btadp.vcproj", "{00652730-FECA-1BAD-0065-273000652730}"
EndProject
Project("{00652356-FECA-1BAD-0065-235600652356}") = "btdrv", "btdrv\btdrv.vcproj", "{00652356-FECA-1BAD-0065-235600652356}"
EndProject
Project("{395FE9AB-FECA-1BAD-395F-E9AB395FE9AB}") = "btdrv_common", "btdrv_common\btdrv_common.vcproj", "{395FE9AB-FECA-1BAD-395F-E9AB395FE9AB}"
EndProject
Project("{7B49C9C4-FECA-1BAD-7B49-C9C47B49C9C4}") = "btnotification_conn", "btnotification_conn\btnotification_conn.vcproj", "{7B49C9C4-FECA-1BAD-7B49-C9C47B49C9C4}"
EndProject
Project("{7490FC70-FECA-1BAD-7490-FC707490FC70}") = "btprofiles", "btprofiles\btprofiles.vcproj", "{7490FC70-FECA-1BAD-7490-FC707490FC70}"
EndProject
Project("{6534275B-FECA-1BAD-6534-275B6534275B}") = "btstack", "btstack\btstack.vcproj", "{6534275B-FECA-1BAD-6534-275B6534275B}"
EndProject
Project("{00000653-FECA-1BAD-0000-065300000653}") = "cc", "cc\cc.vcproj", "{00000653-FECA-1BAD-0000-065300000653}"
EndProject
Project("{00006544-FECA-1BAD-0000-654400006544}") = "cct", "cct\cct.vcproj", "{00006544-FECA-1BAD-0000-654400006544}"
EndProject
Project("{000065E5-FECA-1BAD-0000-65E5000065E5}") = "che", "che\che.vcproj", "{000065E5-FECA-1BAD-0000-65E5000065E5}"
EndProject
Project("{065E6E22-FECA-1BAD-065E-6E22065E6E22}") = "cipher", "cipher\cipher.vcproj", "{065E6E22-FECA-1BAD-065E-6E22065E6E22}"
EndProject
Project("{00065E43-FECA-1BAD-0006-5E4300065E43}") = "ciss", "ciss\ciss.vcproj", "{00065E43-FECA-1BAD-0006-5E4300065E43}"
EndProject
Project("{000659BD-FECA-1BAD-0006-59BD000659BD}") = "comm", "comm\comm.vcproj", "{000659BD-FECA-1BAD-0006-59BD000659BD}"
EndProject
Project("{065980F7-FECA-1BAD-0659-80F7065980F7}") = "config", "config\config.vcproj", "{065980F7-FECA-1BAD-0659-80F7065980F7}"
EndProject
Project("{598B9676-FECA-1BAD-598B-9676598B9676}") = "conn_app", "conn_app\conn_app.vcproj", "{598B9676-FECA-1BAD-598B-9676598B9676}"
EndProject
Project("{00644262-FECA-1BAD-0064-426200644262}") = "cstar", "cstar\cstar.vcproj", "{00644262-FECA-1BAD-0064-426200644262}"
EndProject
Project("{0642429D-FECA-1BAD-0642-429D0642429D}") = "custom", "custom\custom.vcproj", "{0642429D-FECA-1BAD-0642-429D0642429D}"
EndProject
Project("{00062621-FECA-1BAD-0006-262100062621}") = "data", "data\data.vcproj", "{00062621-FECA-1BAD-0006-262100062621}"
EndProject
Project("{0000634D-FECA-1BAD-0000-634D0000634D}") = "drm", "drm\drm.vcproj", "{0000634D-FECA-1BAD-0000-634D0000634D}"
EndProject
Project("{63539F30-FECA-1BAD-6353-9F3063539F30}") = "drv_idp", "drv_idp\drv_idp.vcproj", "{63539F30-FECA-1BAD-6353-9F3063539F30}"
EndProject
Project("{63538533-FECA-1BAD-6353-853363538533}") = "drv_sec", "drv_sec\drv_sec.vcproj", "{63538533-FECA-1BAD-6353-853363538533}"
EndProject
Project("{635385FD-FECA-1BAD-6353-85FD635385FD}") = "drv_sim", "drv_sim\drv_sim.vcproj", "{635385FD-FECA-1BAD-6353-85FD635385FD}"
EndProject
Project("{00006360-FECA-1BAD-0000-636000006360}") = "eap", "eap\eap.vcproj", "{00006360-FECA-1BAD-0000-636000006360}"
EndProject
Project("{000063A3-FECA-1BAD-0000-63A3000063A3}") = "ems", "ems\ems.vcproj", "{000063A3-FECA-1BAD-0000-63A3000063A3}"
EndProject
Project("{3919FE2F-FECA-1BAD-3919-FE2F3919FE2F}") = "event_info", "event_info\event_info.vcproj", "{3919FE2F-FECA-1BAD-3919-FE2F3919FE2F}"
EndProject
Project("{00060A02-FECA-1BAD-0006-0A0200060A02}") = "flc2", "flc2\flc2.vcproj", "{00060A02-FECA-1BAD-0006-0A0200060A02}"
EndProject
Project("{60B33849-FECA-1BAD-60B3-384960B33849}") = "fluency", "fluency\fluency.vcproj", "{60B33849-FECA-1BAD-60B3-384960B33849}"
EndProject
Project("{384CE580-FECA-1BAD-384C-E580384CE580}") = "fluency_sec", "fluency_sec\fluency_sec.vcproj", "{384CE580-FECA-1BAD-384C-E580384CE580}"
EndProject
Project("{000060A2-FECA-1BAD-0000-60A2000060A2}") = "fmr", "fmr\fmr.vcproj", "{000060A2-FECA-1BAD-0000-60A2000060A2}"
EndProject
Project("{000060A4-FECA-1BAD-0000-60A4000060A4}") = "fmt", "fmt\fmt.vcproj", "{000060A4-FECA-1BAD-0000-60A4000060A4}"
EndProject
Project("{00000613-FECA-1BAD-0000-061300000613}") = "fs", "fs\fs.vcproj", "{00000613-FECA-1BAD-0000-061300000613}"
EndProject
Project("{00006129-FECA-1BAD-0000-612900006129}") = "gdi", "gdi\gdi.vcproj", "{00006129-FECA-1BAD-0000-612900006129}"
EndProject
Project("{612C964D-FECA-1BAD-612C-964D612C964D}") = "gdi_arm", "gdi_arm\gdi_arm.vcproj", "{612C964D-FECA-1BAD-612C-964D612C964D}"
EndProject
Project("{612C9444-FECA-1BAD-612C-9444612C9444}") = "gdi_g2d", "gdi_g2d\gdi_g2d.vcproj", "{612C9444-FECA-1BAD-612C-9444612C9444}"
EndProject
Project("{D9584037-FECA-1BAD-D958-4037D9584037}") = "gfx_core16", "gfx_core16\gfx_core16.vcproj", "{D9584037-FECA-1BAD-D958-4037D9584037}"
EndProject
Project("{D9584013-FECA-1BAD-D958-4013D9584013}") = "gfx_core32", "gfx_core32\gfx_core32.vcproj", "{D9584013-FECA-1BAD-D958-4013D9584013}"
EndProject
Project("{611D9356-FECA-1BAD-611D-9356611D9356}") = "gfx_drv", "gfx_drv\gfx_drv.vcproj", "{611D9356-FECA-1BAD-611D-9356611D9356}"
EndProject
Project("{00006073-FECA-1BAD-0000-607300006073}") = "gps", "gps\gps.vcproj", "{00006073-FECA-1BAD-0000-607300006073}"
EndProject
Project("{60768533-FECA-1BAD-6076-853360768533}") = "gps_sec", "gps_sec\gps_sec.vcproj", "{60768533-FECA-1BAD-6076-853360768533}"
EndProject
Project("{60394FF7-FECA-1BAD-6039-4FF760394FF7}") = "guobihw", "guobihw\guobihw.vcproj", "{60394FF7-FECA-1BAD-6039-4FF760394FF7}"
EndProject
Project("{F8219676-FECA-1BAD-F821-9676F8219676}") = "inet_app", "inet_app\inet_app.vcproj", "{F8219676-FECA-1BAD-F821-9676F8219676}"
EndProject
Project("{0006F8E4-FECA-1BAD-0006-F8E40006F8E4}") = "init", "init\init.vcproj", "{0006F8E4-FECA-1BAD-0006-F8E40006F8E4}"
EndProject
Project("{F0782421-FECA-1BAD-F078-2421F0782421}") = "interface_classb", "interface_classb\interface_classb.vcproj", "{F0782421-FECA-1BAD-F078-2421F0782421}"
EndProject
Project("{006E6246-FECA-1BAD-006E-6246006E6246}") = "iperf", "iperf\iperf.vcproj", "{006E6246-FECA-1BAD-006E-6246006E6246}"
EndProject
Project("{00006D7C-FECA-1BAD-0000-6D7C00006D7C}") = "kal", "kal\kal.vcproj", "{00006D7C-FECA-1BAD-0000-6D7C00006D7C}"
EndProject
Project("{195A643D-FECA-1BAD-195A-643D195A643D}") = "l4_classb", "l4_classb\l4_classb.vcproj", "{195A643D-FECA-1BAD-195A-643D195A643D}"
EndProject
Project("{06F2BE53-FECA-1BAD-06F2-BE5306F2BE53}") = "l4misc", "l4misc\l4misc.vcproj", "{06F2BE53-FECA-1BAD-06F2-BE5306F2BE53}"
EndProject
Project("{969BF86D-FECA-1BAD-969B-F86D969BF86D}") = "lcd_c_model", "lcd_c_model\lcd_c_model.vcproj", "{969BF86D-FECA-1BAD-969B-F86D969BF86D}"
EndProject
Project("{00006AA3-FECA-1BAD-0000-6AA300006AA3}") = "llc", "llc\llc.vcproj", "{00006AA3-FECA-1BAD-0000-6AA300006AA3}"
EndProject
Project("{00006B64-FECA-1BAD-0000-6B6400006B64}") = "lqt", "lqt\lqt.vcproj", "{00006B64-FECA-1BAD-0000-6B6400006B64}"
EndProject
Project("{0006B636-FECA-1BAD-0006-B6360006B636}") = "matv", "matv\matv.vcproj", "{0006B636-FECA-1BAD-0006-B6360006B636}"
EndProject
Project("{00006B54-FECA-1BAD-0000-6B5400006B54}") = "mcd", "mcd\mcd.vcproj", "{00006B54-FECA-1BAD-0000-6B5400006B54}"
EndProject
Project("{0006B446-FECA-1BAD-0006-B4460006B446}") = "mcsv", "mcsv\mcsv.vcproj", "{0006B446-FECA-1BAD-0006-B4460006B446}"
EndProject
Project("{006B32F1-FECA-1BAD-006B-32F1006B32F1}") = "media", "media\media.vcproj", "{006B32F1-FECA-1BAD-006B-32F1006B32F1}"
EndProject
Project("{32F4961B-FECA-1BAD-32F4-961B32F4961B}") = "media_app", "media_app\media_app.vcproj", "{32F4961B-FECA-1BAD-32F4-961B32F4961B}"
EndProject
Project("{95A643AA-FECA-1BAD-95A6-43AA95A643AA}") = "mm_classb2", "mm_classb2\mm_classb2.vcproj", "{95A643AA-FECA-1BAD-95A6-43AA95A643AA}"
EndProject
Project("{6B8959BD-FECA-1BAD-6B89-59BD6B8959BD}") = "mm_comm", "mm_comm\mm_comm.vcproj", "{6B8959BD-FECA-1BAD-6B89-59BD6B8959BD}"
EndProject
Project("{6BBC9670-FECA-1BAD-6BBC-96706BBC9670}") = "mmi_app", "mmi_app\mmi_app.vcproj", "{6BBC9670-FECA-1BAD-6BBC-96706BBC9670}"
EndProject
Project("{BBC95843-FECA-1BAD-BBC9-5843BBC95843}") = "mmi_core", "mmi_core\mmi_core.vcproj", "{BBC95843-FECA-1BAD-BBC9-5843BBC95843}"
EndProject
Project("{5CBB3D77-FECA-1BAD-5CBB-3D775CBB3D77}") = "mmi_device_control", "mmi_device_control\mmi_device_control.vcproj", "{5CBB3D77-FECA-1BAD-5CBB-3D775CBB3D77}"
EndProject
Project("{47D9A4DA-FECA-1BAD-47D9-A4DA47D9A4DA}") = "mmi_framework", "mmi_framework\mmi_framework.vcproj", "{47D9A4DA-FECA-1BAD-47D9-A4DA47D9A4DA}"
EndProject
Project("{852564E9-FECA-1BAD-8525-64E9852564E9}") = "mmi_service", "mmi_service\mmi_service.vcproj", "{852564E9-FECA-1BAD-8525-64E9852564E9}"
EndProject
Project("{42584FEB-FECA-1BAD-4258-4FEB42584FEB}") = "mmiresource", "mmiresource\mmiresource.vcproj", "{42584FEB-FECA-1BAD-4258-4FEB42584FEB}"
EndProject
Project("{92E69A3F-FECA-1BAD-92E6-9A3F92E69A3F}") = "modis_lcd", "modis_lcd\modis_lcd.vcproj", "{92E69A3F-FECA-1BAD-92E6-9A3F92E69A3F}"
EndProject
Project("{00006A6C-FECA-1BAD-0000-6A6C00006A6C}") = "mpl", "mpl\mpl.vcproj", "{00006A6C-FECA-1BAD-0000-6A6C00006A6C}"
EndProject
Project("{09424439-FECA-1BAD-0942-443909424439}") = "mre_custom", "mre_custom\mre_custom.vcproj", "{09424439-FECA-1BAD-0942-443909424439}"
EndProject
Project("{09381921-FECA-1BAD-0938-192109381921}") = "mre_engine", "mre_engine\mre_engine.vcproj", "{09381921-FECA-1BAD-0938-192109381921}"
EndProject
Project("{A2D23531-FECA-1BAD-A2D2-3531A2D23531}") = "mtkdebug", "mtkdebug\mtkdebug.vcproj", "{A2D23531-FECA-1BAD-A2D2-3531A2D23531}"
EndProject
Project("{00069364-FECA-1BAD-0006-936400069364}") = "ntpd", "ntpd\ntpd.vcproj", "{00069364-FECA-1BAD-0006-936400069364}"
EndProject
Project("{0069147D-FECA-1BAD-0069-147D0069147D}") = "nvram", "nvram\nvram.vcproj", "{0069147D-FECA-1BAD-0069-147D0069147D}"
EndProject
Project("{1478855A-FECA-1BAD-1478-855A1478855A}") = "nvram_sec", "nvram_sec\nvram_sec.vcproj", "{1478855A-FECA-1BAD-1478-855A1478855A}"
EndProject
Project("{84E02489-FECA-1BAD-84E0-248984E02489}") = "oriverno", "oriverno\oriverno.vcproj", "{84E02489-FECA-1BAD-84E0-248984E02489}"
EndProject
Project("{00685562-FECA-1BAD-0068-556200685562}") = "oscar", "oscar\oscar.vcproj", "{00685562-FECA-1BAD-0068-556200685562}"
EndProject
Project("{559B9290-FECA-1BAD-559B-9290559B9290}") = "p2p_modis", "p2p_modis\p2p_modis.vcproj", "{559B9290-FECA-1BAD-559B-9290559B9290}"
EndProject
Project("{076B31FE-FECA-1BAD-076B-31FE076B31FE}") = "plugin", "plugin\plugin.vcproj", "{076B31FE-FECA-1BAD-076B-31FE076B31FE}"
EndProject
Project("{7480F225-FECA-1BAD-7480-F2257480F225}") = "provider", "provider\provider.vcproj", "{7480F225-FECA-1BAD-7480-F2257480F225}"
EndProject
Project("{F220F1B3-FECA-1BAD-F220-F1B3F220F1B3}") = "provider_sec", "provider_sec\provider_sec.vcproj", "{F220F1B3-FECA-1BAD-F220-F1B3F220F1B3}"
EndProject
Project("{0074625D-FECA-1BAD-0074-625D0074625D}") = "ratcm", "ratcm\ratcm.vcproj", "{0074625D-FECA-1BAD-0074-625D0074625D}"
EndProject
Project("{0074622D-FECA-1BAD-0074-622D0074622D}") = "ratdm", "ratdm\ratdm.vcproj", "{0074622D-FECA-1BAD-0074-622D0074622D}"
EndProject
Project("{95A64245-FECA-1BAD-95A6-424595A64245}") = "rr_classb2", "rr_classb2\rr_classb2.vcproj", "{95A64245-FECA-1BAD-95A6-424595A64245}"
EndProject
Project("{000754B0-FECA-1BAD-0007-54B0000754B0}") = "rrlp", "rrlp\rrlp.vcproj", "{000754B0-FECA-1BAD-0007-54B0000754B0}"
EndProject
Project("{00075459-FECA-1BAD-0007-545900075459}") = "scsi", "scsi\scsi.vcproj", "{00075459-FECA-1BAD-0007-545900075459}"
EndProject
Project("{00075FE2-FECA-1BAD-0007-5FE200075FE2}") = "sim2", "sim2\sim2.vcproj", "{00075FE2-FECA-1BAD-0007-5FE200075FE2}"
EndProject
Project("{A3259323-FECA-1BAD-A325-9323A3259323}") = "sleep_drv", "sleep_drv\sleep_drv.vcproj", "{A3259323-FECA-1BAD-A325-9323A3259323}"
EndProject
Project("{0000075D-FECA-1BAD-0000-075D0000075D}") = "sm", "sm\sm.vcproj", "{0000075D-FECA-1BAD-0000-075D0000075D}"
EndProject
Project("{000075A3-FECA-1BAD-0000-75A3000075A3}") = "sms", "sms\sms.vcproj", "{000075A3-FECA-1BAD-0000-75A3000075A3}"
EndProject
Project("{075A5AF2-FECA-1BAD-075A-5AF2075A5AF2}") = "smslib", "smslib\smslib.vcproj", "{075A5AF2-FECA-1BAD-075A-5AF2075A5AF2}"
EndProject
Project("{00758240-FECA-1BAD-0075-824000758240}") = "sndcp", "sndcp\sndcp.vcproj", "{00758240-FECA-1BAD-0075-824000758240}"
EndProject
Project("{00007593-FECA-1BAD-0000-759300007593}") = "soc", "soc\soc.vcproj", "{00007593-FECA-1BAD-0000-759300007593}"
EndProject
Project("{00007444-FECA-1BAD-0000-744400007444}") = "sst", "sst\sst.vcproj", "{00007444-FECA-1BAD-0000-744400007444}"
EndProject
Project("{74418533-FECA-1BAD-7441-853374418533}") = "sst_sec", "sst_sec\sst_sec.vcproj", "{74418533-FECA-1BAD-7441-853374418533}"
EndProject
Project("{00074263-FECA-1BAD-0007-426300074263}") = "supc", "supc\supc.vcproj", "{00074263-FECA-1BAD-0007-426300074263}"
EndProject
Project("{0007426C-FECA-1BAD-0007-426C0007426C}") = "supl", "supl\supl.vcproj", "{0007426C-FECA-1BAD-0007-426C0007426C}"
EndProject
Project("{74E69F94-FECA-1BAD-74E6-9F9474E69F94}") = "sys_int", "sys_int\sys_int.vcproj", "{74E69F94-FECA-1BAD-74E6-9F9474E69F94}"
EndProject
Project("{74E68533-FECA-1BAD-74E6-853374E68533}") = "sys_sec", "sys_sec\sys_sec.vcproj", "{74E68533-FECA-1BAD-74E6-853374E68533}"
EndProject
Project("{074E423D-FECA-1BAD-074E-423D074E423D}") = "system", "system\system.vcproj", "{074E423D-FECA-1BAD-074E-423D074E423D}"
EndProject
Project("{007246E0-FECA-1BAD-0072-46E0007246E0}") = "tcpip", "tcpip\tcpip.vcproj", "{007246E0-FECA-1BAD-0072-46E0007246E0}"
EndProject
Project("{6E58182D-FECA-1BAD-6E58-182D6E58182D}") = "tcpip_wifi", "tcpip_wifi\tcpip_wifi.vcproj", "{6E58182D-FECA-1BAD-6E58-182D6E58182D}"
EndProject
Project("{00007344-FECA-1BAD-0000-734400007344}") = "tst", "tst\tst.vcproj", "{00007344-FECA-1BAD-0000-734400007344}"
EndProject
Project("{00007338-FECA-1BAD-0000-733800007338}") = "udx", "udx\udx.vcproj", "{00007338-FECA-1BAD-0000-733800007338}"
EndProject
Project("{00705644-FECA-1BAD-0070-564400705644}") = "vcard", "vcard\vcard.vcproj", "{00705644-FECA-1BAD-0070-564400705644}"
EndProject
Project("{38284600-FECA-1BAD-3828-460038284600}") = "vendorapp", "vendorapp\vendorapp.vcproj", "{38284600-FECA-1BAD-3828-460038284600}"
EndProject
Project("{0070248F-FECA-1BAD-0070-248F0070248F}") = "verno", "verno\verno.vcproj", "{0070248F-FECA-1BAD-0070-248F0070248F}"
EndProject
Project("{0070F23F-FECA-1BAD-0070-F23F0070F23F}") = "video", "video\video.vcproj", "{0070F23F-FECA-1BAD-0070-F23F0070F23F}"
EndProject
Project("{3A95E2C1-FECA-1BAD-3A95-E2C13A95E2C1}") = "video_codec", "video_codec\video_codec.vcproj", "{3A95E2C1-FECA-1BAD-3A95-E2C13A95E2C1}"
EndProject
Project("{E2C4BFA6-FECA-1BAD-E2C4-BFA6E2C4BFA6}") = "video_codec_sec", "video_codec_sec\video_codec_sec.vcproj", "{E2C4BFA6-FECA-1BAD-E2C4-BFA6E2C4BFA6}"
EndProject
Project("{F23A8543-FECA-1BAD-F23A-8543F23A8543}") = "video_sec", "video_sec\video_sec.vcproj", "{F23A8543-FECA-1BAD-F23A-8543F23A8543}"
EndProject
Project("{071F803F-FECA-1BAD-071F-803F071F803F}") = "winguo", "winguo\winguo.vcproj", "{071F803F-FECA-1BAD-071F-803F071F803F}"
EndProject
Project("{000071A4-FECA-1BAD-0000-71A4000071A4}") = "wmt", "wmt\wmt.vcproj", "{000071A4-FECA-1BAD-0000-71A4000071A4}"
EndProject
Project("{0007EBB0-FECA-1BAD-0007-EBB00007EBB0}") = "xmlp", "xmlp\xmlp.vcproj", "{0007EBB0-FECA-1BAD-0007-EBB00007EBB0}"
EndProject
Project("{007FE45C-FECA-1BAD-007F-E45C007FE45C}") = "xyssl", "xyssl\xyssl.vcproj", "{007FE45C-FECA-1BAD-007F-E45C007FE45C}"
EndProject
Project("{E459974F-FECA-1BAD-E459-974FE459974F}") = "xyssl_adp", "xyssl_adp\xyssl_adp.vcproj", "{E459974F-FECA-1BAD-E459-974FE459974F}"
EndProject
Global
	GlobalSection(SolutionConfigurationPlatforms) = preSolution
		Debug|Win32 = Debug|Win32
		Release|Win32 = Release|Win32
	EndGlobalSection
	GlobalSection(ProjectConfigurationPlatforms) = postSolution
		{004BB0C3-FECA-1BAD-004B-B0C3004BB0C3}.Debug|Win32.ActiveCfg = Debug|Win32
		{004BB0C3-FECA-1BAD-004B-B0C3004BB0C3}.Debug|Win32.Build.0 = Debug|Win32
		{004BB0C3-FECA-1BAD-004B-B0C3004BB0C3}.Release|Win32.ActiveCfg = Release|Win32
		{004BB0C3-FECA-1BAD-004B-B0C3004BB0C3}.Release|Win32.Build.0 = Release|Win32
		{0000674D-FECA-1BAD-0000-674D0000674D}.Debug|Win32.ActiveCfg = Debug|Win32
		{0000674D-FECA-1BAD-0000-674D0000674D}.Debug|Win32.Build.0 = Debug|Win32
		{0000674D-FECA-1BAD-0000-674D0000674D}.Release|Win32.ActiveCfg = Release|Win32
		{0000674D-FECA-1BAD-0000-674D0000674D}.Release|Win32.Build.0 = Release|Win32
		{894244E9-FECA-1BAD-8942-44E9894244E9}.Debug|Win32.ActiveCfg = Debug|Win32
		{894244E9-FECA-1BAD-8942-44E9894244E9}.Debug|Win32.Build.0 = Debug|Win32
		{894244E9-FECA-1BAD-8942-44E9894244E9}.Release|Win32.ActiveCfg = Release|Win32
		{894244E9-FECA-1BAD-8942-44E9894244E9}.Release|Win32.Build.0 = Release|Win32
		{65834535-FECA-1BAD-6583-453565834535}.Debug|Win32.ActiveCfg = Debug|Win32
		{65834535-FECA-1BAD-6583-453565834535}.Debug|Win32.Build.0 = Debug|Win32
		{65834535-FECA-1BAD-6583-453565834535}.Release|Win32.ActiveCfg = Release|Win32
		{65834535-FECA-1BAD-6583-453565834535}.Release|Win32.Build.0 = Release|Win32
		{06676AF2-FECA-1BAD-0667-6AF206676AF2}.Debug|Win32.ActiveCfg = Debug|Win32
		{06676AF2-FECA-1BAD-0667-6AF206676AF2}.Debug|Win32.Build.0 = Debug|Win32
		{06676AF2-FECA-1BAD-0667-6AF206676AF2}.Release|Win32.ActiveCfg = Release|Win32
		{06676AF2-FECA-1BAD-0667-6AF206676AF2}.Release|Win32.Build.0 = Release|Win32
		{AF7903A7-FECA-1BAD-AF79-03A7AF7903A7}.Debug|Win32.ActiveCfg = Debug|Win32
		{AF7903A7-FECA-1BAD-AF79-03A7AF7903A7}.Debug|Win32.Build.0 = Debug|Win32
		{AF7903A7-FECA-1BAD-AF79-03A7AF7903A7}.Release|Win32.ActiveCfg = Release|Win32
		{AF7903A7-FECA-1BAD-AF79-03A7AF7903A7}.Release|Win32.Build.0 = Release|Win32
		{AF799E52-FECA-1BAD-AF79-9E52AF799E52}.Debug|Win32.ActiveCfg = Debug|Win32
		{AF799E52-FECA-1BAD-AF79-9E52AF799E52}.Debug|Win32.Build.0 = Debug|Win32
		{AF799E52-FECA-1BAD-AF79-9E52AF799E52}.Release|Win32.ActiveCfg = Release|Win32
		{AF799E52-FECA-1BAD-AF79-9E52AF799E52}.Release|Win32.Build.0 = Release|Win32
		{665D4845-FECA-1BAD-665D-4845665D4845}.Debug|Win32.ActiveCfg = Debug|Win32
		{665D4845-FECA-1BAD-665D-4845665D4845}.Debug|Win32.Build.0 = Debug|Win32
		{665D4845-FECA-1BAD-665D-4845665D4845}.Release|Win32.ActiveCfg = Release|Win32
		{665D4845-FECA-1BAD-665D-4845665D4845}.Release|Win32.Build.0 = Release|Win32
		{00652730-FECA-1BAD-0065-273000652730}.Debug|Win32.ActiveCfg = Debug|Win32
		{00652730-FECA-1BAD-0065-273000652730}.Debug|Win32.Build.0 = Debug|Win32
		{00652730-FECA-1BAD-0065-273000652730}.Release|Win32.ActiveCfg = Release|Win32
		{00652730-FECA-1BAD-0065-273000652730}.Release|Win32.Build.0 = Release|Win32
		{00652356-FECA-1BAD-0065-235600652356}.Debug|Win32.ActiveCfg = Debug|Win32
		{00652356-FECA-1BAD-0065-235600652356}.Debug|Win32.Build.0 = Debug|Win32
		{00652356-FECA-1BAD-0065-235600652356}.Release|Win32.ActiveCfg = Release|Win32
		{00652356-FECA-1BAD-0065-235600652356}.Release|Win32.Build.0 = Release|Win32
		{395FE9AB-FECA-1BAD-395F-E9AB395FE9AB}.Debug|Win32.ActiveCfg = Debug|Win32
		{395FE9AB-FECA-1BAD-395F-E9AB395FE9AB}.Debug|Win32.Build.0 = Debug|Win32
		{395FE9AB-FECA-1BAD-395F-E9AB395FE9AB}.Release|Win32.ActiveCfg = Release|Win32
		{395FE9AB-FECA-1BAD-395F-E9AB395FE9AB}.Release|Win32.Build.0 = Release|Win32
		{7B49C9C4-FECA-1BAD-7B49-C9C47B49C9C4}.Debug|Win32.ActiveCfg = Debug|Win32
		{7B49C9C4-FECA-1BAD-7B49-C9C47B49C9C4}.Debug|Win32.Build.0 = Debug|Win32
		{7B49C9C4-FECA-1BAD-7B49-C9C47B49C9C4}.Release|Win32.ActiveCfg = Release|Win32
		{7B49C9C4-FECA-1BAD-7B49-C9C47B49C9C4}.Release|Win32.Build.0 = Release|Win32
		{7490FC70-FECA-1BAD-7490-FC707490FC70}.Debug|Win32.ActiveCfg = Debug|Win32
		{7490FC70-FECA-1BAD-7490-FC707490FC70}.Debug|Win32.Build.0 = Debug|Win32
		{7490FC70-FECA-1BAD-7490-FC707490FC70}.Release|Win32.ActiveCfg = Release|Win32
		{7490FC70-FECA-1BAD-7490-FC707490FC70}.Release|Win32.Build.0 = Release|Win32
		{6534275B-FECA-1BAD-6534-275B6534275B}.Debug|Win32.ActiveCfg = Debug|Win32
		{6534275B-FECA-1BAD-6534-275B6534275B}.Debug|Win32.Build.0 = Debug|Win32
		{6534275B-FECA-1BAD-6534-275B6534275B}.Release|Win32.ActiveCfg = Release|Win32
		{6534275B-FECA-1BAD-6534-275B6534275B}.Release|Win32.Build.0 = Release|Win32
		{00000653-FECA-1BAD-0000-065300000653}.Debug|Win32.ActiveCfg = Debug|Win32
		{00000653-FECA-1BAD-0000-065300000653}.Debug|Win32.Build.0 = Debug|Win32
		{00000653-FECA-1BAD-0000-065300000653}.Release|Win32.ActiveCfg = Release|Win32
		{00000653-FECA-1BAD-0000-065300000653}.Release|Win32.Build.0 = Release|Win32
		{00006544-FECA-1BAD-0000-654400006544}.Debug|Win32.ActiveCfg = Debug|Win32
		{00006544-FECA-1BAD-0000-654400006544}.Debug|Win32.Build.0 = Debug|Win32
		{00006544-FECA-1BAD-0000-654400006544}.Release|Win32.ActiveCfg = Release|Win32
		{00006544-FECA-1BAD-0000-654400006544}.Release|Win32.Build.0 = Release|Win32
		{000065E5-FECA-1BAD-0000-65E5000065E5}.Debug|Win32.ActiveCfg = Debug|Win32
		{000065E5-FECA-1BAD-0000-65E5000065E5}.Debug|Win32.Build.0 = Debug|Win32
		{000065E5-FECA-1BAD-0000-65E5000065E5}.Release|Win32.ActiveCfg = Release|Win32
		{000065E5-FECA-1BAD-0000-65E5000065E5}.Release|Win32.Build.0 = Release|Win32
		{065E6E22-FECA-1BAD-065E-6E22065E6E22}.Debug|Win32.ActiveCfg = Debug|Win32
		{065E6E22-FECA-1BAD-065E-6E22065E6E22}.Debug|Win32.Build.0 = Debug|Win32
		{065E6E22-FECA-1BAD-065E-6E22065E6E22}.Release|Win32.ActiveCfg = Release|Win32
		{065E6E22-FECA-1BAD-065E-6E22065E6E22}.Release|Win32.Build.0 = Release|Win32
		{00065E43-FECA-1BAD-0006-5E4300065E43}.Debug|Win32.ActiveCfg = Debug|Win32
		{00065E43-FECA-1BAD-0006-5E4300065E43}.Debug|Win32.Build.0 = Debug|Win32
		{00065E43-FECA-1BAD-0006-5E4300065E43}.Release|Win32.ActiveCfg = Release|Win32
		{00065E43-FECA-1BAD-0006-5E4300065E43}.Release|Win32.Build.0 = Release|Win32
		{000659BD-FECA-1BAD-0006-59BD000659BD}.Debug|Win32.ActiveCfg = Debug|Win32
		{000659BD-FECA-1BAD-0006-59BD000659BD}.Debug|Win32.Build.0 = Debug|Win32
		{000659BD-FECA-1BAD-0006-59BD000659BD}.Release|Win32.ActiveCfg = Release|Win32
		{000659BD-FECA-1BAD-0006-59BD000659BD}.Release|Win32.Build.0 = Release|Win32
		{065980F7-FECA-1BAD-0659-80F7065980F7}.Debug|Win32.ActiveCfg = Debug|Win32
		{065980F7-FECA-1BAD-0659-80F7065980F7}.Debug|Win32.Build.0 = Debug|Win32
		{065980F7-FECA-1BAD-0659-80F7065980F7}.Release|Win32.ActiveCfg = Release|Win32
		{065980F7-FECA-1BAD-0659-80F7065980F7}.Release|Win32.Build.0 = Release|Win32
		{598B9676-FECA-1BAD-598B-9676598B9676}.Debug|Win32.ActiveCfg = Debug|Win32
		{598B9676-FECA-1BAD-598B-9676598B9676}.Debug|Win32.Build.0 = Debug|Win32
		{598B9676-FECA-1BAD-598B-9676598B9676}.Release|Win32.ActiveCfg = Release|Win32
		{598B9676-FECA-1BAD-598B-9676598B9676}.Release|Win32.Build.0 = Release|Win32
		{00644262-FECA-1BAD-0064-426200644262}.Debug|Win32.ActiveCfg = Debug|Win32
		{00644262-FECA-1BAD-0064-426200644262}.Debug|Win32.Build.0 = Debug|Win32
		{00644262-FECA-1BAD-0064-426200644262}.Release|Win32.ActiveCfg = Release|Win32
		{00644262-FECA-1BAD-0064-426200644262}.Release|Win32.Build.0 = Release|Win32
		{0642429D-FECA-1BAD-0642-429D0642429D}.Debug|Win32.ActiveCfg = Debug|Win32
		{0642429D-FECA-1BAD-0642-429D0642429D}.Debug|Win32.Build.0 = Debug|Win32
		{0642429D-FECA-1BAD-0642-429D0642429D}.Release|Win32.ActiveCfg = Release|Win32
		{0642429D-FECA-1BAD-0642-429D0642429D}.Release|Win32.Build.0 = Release|Win32
		{00062621-FECA-1BAD-0006-262100062621}.Debug|Win32.ActiveCfg = Debug|Win32
		{00062621-FECA-1BAD-0006-262100062621}.Debug|Win32.Build.0 = Debug|Win32
		{00062621-FECA-1BAD-0006-262100062621}.Release|Win32.ActiveCfg = Release|Win32
		{00062621-FECA-1BAD-0006-262100062621}.Release|Win32.Build.0 = Release|Win32
		{0000634D-FECA-1BAD-0000-634D0000634D}.Debug|Win32.ActiveCfg = Debug|Win32
		{0000634D-FECA-1BAD-0000-634D0000634D}.Debug|Win32.Build.0 = Debug|Win32
		{0000634D-FECA-1BAD-0000-634D0000634D}.Release|Win32.ActiveCfg = Release|Win32
		{0000634D-FECA-1BAD-0000-634D0000634D}.Release|Win32.Build.0 = Release|Win32
		{63539F30-FECA-1BAD-6353-9F3063539F30}.Debug|Win32.ActiveCfg = Debug|Win32
		{63539F30-FECA-1BAD-6353-9F3063539F30}.Debug|Win32.Build.0 = Debug|Win32
		{63539F30-FECA-1BAD-6353-9F3063539F30}.Release|Win32.ActiveCfg = Release|Win32
		{63539F30-FECA-1BAD-6353-9F3063539F30}.Release|Win32.Build.0 = Release|Win32
		{63538533-FECA-1BAD-6353-853363538533}.Debug|Win32.ActiveCfg = Debug|Win32
		{63538533-FECA-1BAD-6353-853363538533}.Debug|Win32.Build.0 = Debug|Win32
		{63538533-FECA-1BAD-6353-853363538533}.Release|Win32.ActiveCfg = Release|Win32
		{63538533-FECA-1BAD-6353-853363538533}.Release|Win32.Build.0 = Release|Win32
		{635385FD-FECA-1BAD-6353-85FD635385FD}.Debug|Win32.ActiveCfg = Debug|Win32
		{635385FD-FECA-1BAD-6353-85FD635385FD}.Debug|Win32.Build.0 = Debug|Win32
		{635385FD-FECA-1BAD-6353-85FD635385FD}.Release|Win32.ActiveCfg = Release|Win32
		{635385FD-FECA-1BAD-6353-85FD635385FD}.Release|Win32.Build.0 = Release|Win32
		{00006360-FECA-1BAD-0000-636000006360}.Debug|Win32.ActiveCfg = Debug|Win32
		{00006360-FECA-1BAD-0000-636000006360}.Debug|Win32.Build.0 = Debug|Win32
		{00006360-FECA-1BAD-0000-636000006360}.Release|Win32.ActiveCfg = Release|Win32
		{00006360-FECA-1BAD-0000-636000006360}.Release|Win32.Build.0 = Release|Win32
		{000063A3-FECA-1BAD-0000-63A3000063A3}.Debug|Win32.ActiveCfg = Debug|Win32
		{000063A3-FECA-1BAD-0000-63A3000063A3}.Debug|Win32.Build.0 = Debug|Win32
		{000063A3-FECA-1BAD-0000-63A3000063A3}.Release|Win32.ActiveCfg = Release|Win32
		{000063A3-FECA-1BAD-0000-63A3000063A3}.Release|Win32.Build.0 = Release|Win32
		{3919FE2F-FECA-1BAD-3919-FE2F3919FE2F}.Debug|Win32.ActiveCfg = Debug|Win32
		{3919FE2F-FECA-1BAD-3919-FE2F3919FE2F}.Debug|Win32.Build.0 = Debug|Win32
		{3919FE2F-FECA-1BAD-3919-FE2F3919FE2F}.Release|Win32.ActiveCfg = Release|Win32
		{3919FE2F-FECA-1BAD-3919-FE2F3919FE2F}.Release|Win32.Build.0 = Release|Win32
		{00060A02-FECA-1BAD-0006-0A0200060A02}.Debug|Win32.ActiveCfg = Debug|Win32
		{00060A02-FECA-1BAD-0006-0A0200060A02}.Debug|Win32.Build.0 = Debug|Win32
		{00060A02-FECA-1BAD-0006-0A0200060A02}.Release|Win32.ActiveCfg = Release|Win32
		{00060A02-FECA-1BAD-0006-0A0200060A02}.Release|Win32.Build.0 = Release|Win32
		{60B33849-FECA-1BAD-60B3-384960B33849}.Debug|Win32.ActiveCfg = Debug|Win32
		{60B33849-FECA-1BAD-60B3-384960B33849}.Debug|Win32.Build.0 = Debug|Win32
		{60B33849-FECA-1BAD-60B3-384960B33849}.Release|Win32.ActiveCfg = Release|Win32
		{60B33849-FECA-1BAD-60B3-384960B33849}.Release|Win32.Build.0 = Release|Win32
		{384CE580-FECA-1BAD-384C-E580384CE580}.Debug|Win32.ActiveCfg = Debug|Win32
		{384CE580-FECA-1BAD-384C-E580384CE580}.Debug|Win32.Build.0 = Debug|Win32
		{384CE580-FECA-1BAD-384C-E580384CE580}.Release|Win32.ActiveCfg = Release|Win32
		{384CE580-FECA-1BAD-384C-E580384CE580}.Release|Win32.Build.0 = Release|Win32
		{000060A2-FECA-1BAD-0000-60A2000060A2}.Debug|Win32.ActiveCfg = Debug|Win32
		{000060A2-FECA-1BAD-0000-60A2000060A2}.Debug|Win32.Build.0 = Debug|Win32
		{000060A2-FECA-1BAD-0000-60A2000060A2}.Release|Win32.ActiveCfg = Release|Win32
		{000060A2-FECA-1BAD-0000-60A2000060A2}.Release|Win32.Build.0 = Release|Win32
		{000060A4-FECA-1BAD-0000-60A4000060A4}.Debug|Win32.ActiveCfg = Debug|Win32
		{000060A4-FECA-1BAD-0000-60A4000060A4}.Debug|Win32.Build.0 = Debug|Win32
		{000060A4-FECA-1BAD-0000-60A4000060A4}.Release|Win32.ActiveCfg = Release|Win32
		{000060A4-FECA-1BAD-0000-60A4000060A4}.Release|Win32.Build.0 = Release|Win32
		{00000613-FECA-1BAD-0000-061300000613}.Debug|Win32.ActiveCfg = Debug|Win32
		{00000613-FECA-1BAD-0000-061300000613}.Debug|Win32.Build.0 = Debug|Win32
		{00000613-FECA-1BAD-0000-061300000613}.Release|Win32.ActiveCfg = Release|Win32
		{00000613-FECA-1BAD-0000-061300000613}.Release|Win32.Build.0 = Release|Win32
		{00006129-FECA-1BAD-0000-612900006129}.Debug|Win32.ActiveCfg = Debug|Win32
		{00006129-FECA-1BAD-0000-612900006129}.Debug|Win32.Build.0 = Debug|Win32
		{00006129-FECA-1BAD-0000-612900006129}.Release|Win32.ActiveCfg = Release|Win32
		{00006129-FECA-1BAD-0000-612900006129}.Release|Win32.Build.0 = Release|Win32
		{612C964D-FECA-1BAD-612C-964D612C964D}.Debug|Win32.ActiveCfg = Debug|Win32
		{612C964D-FECA-1BAD-612C-964D612C964D}.Debug|Win32.Build.0 = Debug|Win32
		{612C964D-FECA-1BAD-612C-964D612C964D}.Release|Win32.ActiveCfg = Release|Win32
		{612C964D-FECA-1BAD-612C-964D612C964D}.Release|Win32.Build.0 = Release|Win32
		{612C9444-FECA-1BAD-612C-9444612C9444}.Debug|Win32.ActiveCfg = Debug|Win32
		{612C9444-FECA-1BAD-612C-9444612C9444}.Debug|Win32.Build.0 = Debug|Win32
		{612C9444-FECA-1BAD-612C-9444612C9444}.Release|Win32.ActiveCfg = Release|Win32
		{612C9444-FECA-1BAD-612C-9444612C9444}.Release|Win32.Build.0 = Release|Win32
		{D9584037-FECA-1BAD-D958-4037D9584037}.Debug|Win32.ActiveCfg = Debug|Win32
		{D9584037-FECA-1BAD-D958-4037D9584037}.Debug|Win32.Build.0 = Debug|Win32
		{D9584037-FECA-1BAD-D958-4037D9584037}.Release|Win32.ActiveCfg = Release|Win32
		{D9584037-FECA-1BAD-D958-4037D9584037}.Release|Win32.Build.0 = Release|Win32
		{D9584013-FECA-1BAD-D958-4013D9584013}.Debug|Win32.ActiveCfg = Debug|Win32
		{D9584013-FECA-1BAD-D958-4013D9584013}.Debug|Win32.Build.0 = Debug|Win32
		{D9584013-FECA-1BAD-D958-4013D9584013}.Release|Win32.ActiveCfg = Release|Win32
		{D9584013-FECA-1BAD-D958-4013D9584013}.Release|Win32.Build.0 = Release|Win32
		{611D9356-FECA-1BAD-611D-9356611D9356}.Debug|Win32.ActiveCfg = Debug|Win32
		{611D9356-FECA-1BAD-611D-9356611D9356}.Debug|Win32.Build.0 = Debug|Win32
		{611D9356-FECA-1BAD-611D-9356611D9356}.Release|Win32.ActiveCfg = Release|Win32
		{611D9356-FECA-1BAD-611D-9356611D9356}.Release|Win32.Build.0 = Release|Win32
		{00006073-FECA-1BAD-0000-607300006073}.Debug|Win32.ActiveCfg = Debug|Win32
		{00006073-FECA-1BAD-0000-607300006073}.Debug|Win32.Build.0 = Debug|Win32
		{00006073-FECA-1BAD-0000-607300006073}.Release|Win32.ActiveCfg = Release|Win32
		{00006073-FECA-1BAD-0000-607300006073}.Release|Win32.Build.0 = Release|Win32
		{60768533-FECA-1BAD-6076-853360768533}.Debug|Win32.ActiveCfg = Debug|Win32
		{60768533-FECA-1BAD-6076-853360768533}.Debug|Win32.Build.0 = Debug|Win32
		{60768533-FECA-1BAD-6076-853360768533}.Release|Win32.ActiveCfg = Release|Win32
		{60768533-FECA-1BAD-6076-853360768533}.Release|Win32.Build.0 = Release|Win32
		{60394FF7-FECA-1BAD-6039-4FF760394FF7}.Debug|Win32.ActiveCfg = Debug|Win32
		{60394FF7-FECA-1BAD-6039-4FF760394FF7}.Debug|Win32.Build.0 = Debug|Win32
		{60394FF7-FECA-1BAD-6039-4FF760394FF7}.Release|Win32.ActiveCfg = Release|Win32
		{60394FF7-FECA-1BAD-6039-4FF760394FF7}.Release|Win32.Build.0 = Release|Win32
		{F8219676-FECA-1BAD-F821-9676F8219676}.Debug|Win32.ActiveCfg = Debug|Win32
		{F8219676-FECA-1BAD-F821-9676F8219676}.Debug|Win32.Build.0 = Debug|Win32
		{F8219676-FECA-1BAD-F821-9676F8219676}.Release|Win32.ActiveCfg = Release|Win32
		{F8219676-FECA-1BAD-F821-9676F8219676}.Release|Win32.Build.0 = Release|Win32
		{0006F8E4-FECA-1BAD-0006-F8E40006F8E4}.Debug|Win32.ActiveCfg = Debug|Win32
		{0006F8E4-FECA-1BAD-0006-F8E40006F8E4}.Debug|Win32.Build.0 = Debug|Win32
		{0006F8E4-FECA-1BAD-0006-F8E40006F8E4}.Release|Win32.ActiveCfg = Release|Win32
		{0006F8E4-FECA-1BAD-0006-F8E40006F8E4}.Release|Win32.Build.0 = Release|Win32
		{F0782421-FECA-1BAD-F078-2421F0782421}.Debug|Win32.ActiveCfg = Debug|Win32
		{F0782421-FECA-1BAD-F078-2421F0782421}.Debug|Win32.Build.0 = Debug|Win32
		{F0782421-FECA-1BAD-F078-2421F0782421}.Release|Win32.ActiveCfg = Release|Win32
		{F0782421-FECA-1BAD-F078-2421F0782421}.Release|Win32.Build.0 = Release|Win32
		{006E6246-FECA-1BAD-006E-6246006E6246}.Debug|Win32.ActiveCfg = Debug|Win32
		{006E6246-FECA-1BAD-006E-6246006E6246}.Debug|Win32.Build.0 = Debug|Win32
		{006E6246-FECA-1BAD-006E-6246006E6246}.Release|Win32.ActiveCfg = Release|Win32
		{006E6246-FECA-1BAD-006E-6246006E6246}.Release|Win32.Build.0 = Release|Win32
		{00006D7C-FECA-1BAD-0000-6D7C00006D7C}.Debug|Win32.ActiveCfg = Debug|Win32
		{00006D7C-FECA-1BAD-0000-6D7C00006D7C}.Debug|Win32.Build.0 = Debug|Win32
		{00006D7C-FECA-1BAD-0000-6D7C00006D7C}.Release|Win32.ActiveCfg = Release|Win32
		{00006D7C-FECA-1BAD-0000-6D7C00006D7C}.Release|Win32.Build.0 = Release|Win32
		{195A643D-FECA-1BAD-195A-643D195A643D}.Debug|Win32.ActiveCfg = Debug|Win32
		{195A643D-FECA-1BAD-195A-643D195A643D}.Debug|Win32.Build.0 = Debug|Win32
		{195A643D-FECA-1BAD-195A-643D195A643D}.Release|Win32.ActiveCfg = Release|Win32
		{195A643D-FECA-1BAD-195A-643D195A643D}.Release|Win32.Build.0 = Release|Win32
		{06F2BE53-FECA-1BAD-06F2-BE5306F2BE53}.Debug|Win32.ActiveCfg = Debug|Win32
		{06F2BE53-FECA-1BAD-06F2-BE5306F2BE53}.Debug|Win32.Build.0 = Debug|Win32
		{06F2BE53-FECA-1BAD-06F2-BE5306F2BE53}.Release|Win32.ActiveCfg = Release|Win32
		{06F2BE53-FECA-1BAD-06F2-BE5306F2BE53}.Release|Win32.Build.0 = Release|Win32
		{969BF86D-FECA-1BAD-969B-F86D969BF86D}.Debug|Win32.ActiveCfg = Debug|Win32
		{969BF86D-FECA-1BAD-969B-F86D969BF86D}.Debug|Win32.Build.0 = Debug|Win32
		{969BF86D-FECA-1BAD-969B-F86D969BF86D}.Release|Win32.ActiveCfg = Release|Win32
		{969BF86D-FECA-1BAD-969B-F86D969BF86D}.Release|Win32.Build.0 = Release|Win32
		{00006AA3-FECA-1BAD-0000-6AA300006AA3}.Debug|Win32.ActiveCfg = Debug|Win32
		{00006AA3-FECA-1BAD-0000-6AA300006AA3}.Debug|Win32.Build.0 = Debug|Win32
		{00006AA3-FECA-1BAD-0000-6AA300006AA3}.Release|Win32.ActiveCfg = Release|Win32
		{00006AA3-FECA-1BAD-0000-6AA300006AA3}.Release|Win32.Build.0 = Release|Win32
		{00006B64-FECA-1BAD-0000-6B6400006B64}.Debug|Win32.ActiveCfg = Debug|Win32
		{00006B64-FECA-1BAD-0000-6B6400006B64}.Debug|Win32.Build.0 = Debug|Win32
		{00006B64-FECA-1BAD-0000-6B6400006B64}.Release|Win32.ActiveCfg = Release|Win32
		{00006B64-FECA-1BAD-0000-6B6400006B64}.Release|Win32.Build.0 = Release|Win32
		{0006B636-FECA-1BAD-0006-B6360006B636}.Debug|Win32.ActiveCfg = Debug|Win32
		{0006B636-FECA-1BAD-0006-B6360006B636}.Debug|Win32.Build.0 = Debug|Win32
		{0006B636-FECA-1BAD-0006-B6360006B636}.Release|Win32.ActiveCfg = Release|Win32
		{0006B636-FECA-1BAD-0006-B6360006B636}.Release|Win32.Build.0 = Release|Win32
		{00006B54-FECA-1BAD-0000-6B5400006B54}.Debug|Win32.ActiveCfg = Debug|Win32
		{00006B54-FECA-1BAD-0000-6B5400006B54}.Debug|Win32.Build.0 = Debug|Win32
		{00006B54-FECA-1BAD-0000-6B5400006B54}.Release|Win32.ActiveCfg = Release|Win32
		{00006B54-FECA-1BAD-0000-6B5400006B54}.Release|Win32.Build.0 = Release|Win32
		{0006B446-FECA-1BAD-0006-B4460006B446}.Debug|Win32.ActiveCfg = Debug|Win32
		{0006B446-FECA-1BAD-0006-B4460006B446}.Debug|Win32.Build.0 = Debug|Win32
		{0006B446-FECA-1BAD-0006-B4460006B446}.Release|Win32.ActiveCfg = Release|Win32
		{0006B446-FECA-1BAD-0006-B4460006B446}.Release|Win32.Build.0 = Release|Win32
		{006B32F1-FECA-1BAD-006B-32F1006B32F1}.Debug|Win32.ActiveCfg = Debug|Win32
		{006B32F1-FECA-1BAD-006B-32F1006B32F1}.Debug|Win32.Build.0 = Debug|Win32
		{006B32F1-FECA-1BAD-006B-32F1006B32F1}.Release|Win32.ActiveCfg = Release|Win32
		{006B32F1-FECA-1BAD-006B-32F1006B32F1}.Release|Win32.Build.0 = Release|Win32
		{32F4961B-FECA-1BAD-32F4-961B32F4961B}.Debug|Win32.ActiveCfg = Debug|Win32
		{32F4961B-FECA-1BAD-32F4-961B32F4961B}.Debug|Win32.Build.0 = Debug|Win32
		{32F4961B-FECA-1BAD-32F4-961B32F4961B}.Release|Win32.ActiveCfg = Release|Win32
		{32F4961B-FECA-1BAD-32F4-961B32F4961B}.Release|Win32.Build.0 = Release|Win32
		{95A643AA-FECA-1BAD-95A6-43AA95A643AA}.Debug|Win32.ActiveCfg = Debug|Win32
		{95A643AA-FECA-1BAD-95A6-43AA95A643AA}.Debug|Win32.Build.0 = Debug|Win32
		{95A643AA-FECA-1BAD-95A6-43AA95A643AA}.Release|Win32.ActiveCfg = Release|Win32
		{95A643AA-FECA-1BAD-95A6-43AA95A643AA}.Release|Win32.Build.0 = Release|Win32
		{6B8959BD-FECA-1BAD-6B89-59BD6B8959BD}.Debug|Win32.ActiveCfg = Debug|Win32
		{6B8959BD-FECA-1BAD-6B89-59BD6B8959BD}.Debug|Win32.Build.0 = Debug|Win32
		{6B8959BD-FECA-1BAD-6B89-59BD6B8959BD}.Release|Win32.ActiveCfg = Release|Win32
		{6B8959BD-FECA-1BAD-6B89-59BD6B8959BD}.Release|Win32.Build.0 = Release|Win32
		{6BBC9670-FECA-1BAD-6BBC-96706BBC9670}.Debug|Win32.ActiveCfg = Debug|Win32
		{6BBC9670-FECA-1BAD-6BBC-96706BBC9670}.Debug|Win32.Build.0 = Debug|Win32
		{6BBC9670-FECA-1BAD-6BBC-96706BBC9670}.Release|Win32.ActiveCfg = Release|Win32
		{6BBC9670-FECA-1BAD-6BBC-96706BBC9670}.Release|Win32.Build.0 = Release|Win32
		{BBC95843-FECA-1BAD-BBC9-5843BBC95843}.Debug|Win32.ActiveCfg = Debug|Win32
		{BBC95843-FECA-1BAD-BBC9-5843BBC95843}.Debug|Win32.Build.0 = Debug|Win32
		{BBC95843-FECA-1BAD-BBC9-5843BBC95843}.Release|Win32.ActiveCfg = Release|Win32
		{BBC95843-FECA-1BAD-BBC9-5843BBC95843}.Release|Win32.Build.0 = Release|Win32
		{5CBB3D77-FECA-1BAD-5CBB-3D775CBB3D77}.Debug|Win32.ActiveCfg = Debug|Win32
		{5CBB3D77-FECA-1BAD-5CBB-3D775CBB3D77}.Debug|Win32.Build.0 = Debug|Win32
		{5CBB3D77-FECA-1BAD-5CBB-3D775CBB3D77}.Release|Win32.ActiveCfg = Release|Win32
		{5CBB3D77-FECA-1BAD-5CBB-3D775CBB3D77}.Release|Win32.Build.0 = Release|Win32
		{47D9A4DA-FECA-1BAD-47D9-A4DA47D9A4DA}.Debug|Win32.ActiveCfg = Debug|Win32
		{47D9A4DA-FECA-1BAD-47D9-A4DA47D9A4DA}.Debug|Win32.Build.0 = Debug|Win32
		{47D9A4DA-FECA-1BAD-47D9-A4DA47D9A4DA}.Release|Win32.ActiveCfg = Release|Win32
		{47D9A4DA-FECA-1BAD-47D9-A4DA47D9A4DA}.Release|Win32.Build.0 = Release|Win32
		{852564E9-FECA-1BAD-8525-64E9852564E9}.Debug|Win32.ActiveCfg = Debug|Win32
		{852564E9-FECA-1BAD-8525-64E9852564E9}.Debug|Win32.Build.0 = Debug|Win32
		{852564E9-FECA-1BAD-8525-64E9852564E9}.Release|Win32.ActiveCfg = Release|Win32
		{852564E9-FECA-1BAD-8525-64E9852564E9}.Release|Win32.Build.0 = Release|Win32
		{42584FEB-FECA-1BAD-4258-4FEB42584FEB}.Debug|Win32.ActiveCfg = Debug|Win32
		{42584FEB-FECA-1BAD-4258-4FEB42584FEB}.Debug|Win32.Build.0 = Debug|Win32
		{42584FEB-FECA-1BAD-4258-4FEB42584FEB}.Release|Win32.ActiveCfg = Release|Win32
		{42584FEB-FECA-1BAD-4258-4FEB42584FEB}.Release|Win32.Build.0 = Release|Win32
		{92E69A3F-FECA-1BAD-92E6-9A3F92E69A3F}.Debug|Win32.ActiveCfg = Debug|Win32
		{92E69A3F-FECA-1BAD-92E6-9A3F92E69A3F}.Debug|Win32.Build.0 = Debug|Win32
		{92E69A3F-FECA-1BAD-92E6-9A3F92E69A3F}.Release|Win32.ActiveCfg = Release|Win32
		{92E69A3F-FECA-1BAD-92E6-9A3F92E69A3F}.Release|Win32.Build.0 = Release|Win32
		{00006A6C-FECA-1BAD-0000-6A6C00006A6C}.Debug|Win32.ActiveCfg = Debug|Win32
		{00006A6C-FECA-1BAD-0000-6A6C00006A6C}.Debug|Win32.Build.0 = Debug|Win32
		{00006A6C-FECA-1BAD-0000-6A6C00006A6C}.Release|Win32.ActiveCfg = Release|Win32
		{00006A6C-FECA-1BAD-0000-6A6C00006A6C}.Release|Win32.Build.0 = Release|Win32
		{09424439-FECA-1BAD-0942-443909424439}.Debug|Win32.ActiveCfg = Debug|Win32
		{09424439-FECA-1BAD-0942-443909424439}.Debug|Win32.Build.0 = Debug|Win32
		{09424439-FECA-1BAD-0942-443909424439}.Release|Win32.ActiveCfg = Release|Win32
		{09424439-FECA-1BAD-0942-443909424439}.Release|Win32.Build.0 = Release|Win32
		{09381921-FECA-1BAD-0938-192109381921}.Debug|Win32.ActiveCfg = Debug|Win32
		{09381921-FECA-1BAD-0938-192109381921}.Debug|Win32.Build.0 = Debug|Win32
		{09381921-FECA-1BAD-0938-192109381921}.Release|Win32.ActiveCfg = Release|Win32
		{09381921-FECA-1BAD-0938-192109381921}.Release|Win32.Build.0 = Release|Win32
		{A2D23531-FECA-1BAD-A2D2-3531A2D23531}.Debug|Win32.ActiveCfg = Debug|Win32
		{A2D23531-FECA-1BAD-A2D2-3531A2D23531}.Debug|Win32.Build.0 = Debug|Win32
		{A2D23531-FECA-1BAD-A2D2-3531A2D23531}.Release|Win32.ActiveCfg = Release|Win32
		{A2D23531-FECA-1BAD-A2D2-3531A2D23531}.Release|Win32.Build.0 = Release|Win32
		{00069364-FECA-1BAD-0006-936400069364}.Debug|Win32.ActiveCfg = Debug|Win32
		{00069364-FECA-1BAD-0006-936400069364}.Debug|Win32.Build.0 = Debug|Win32
		{00069364-FECA-1BAD-0006-936400069364}.Release|Win32.ActiveCfg = Release|Win32
		{00069364-FECA-1BAD-0006-936400069364}.Release|Win32.Build.0 = Release|Win32
		{0069147D-FECA-1BAD-0069-147D0069147D}.Debug|Win32.ActiveCfg = Debug|Win32
		{0069147D-FECA-1BAD-0069-147D0069147D}.Debug|Win32.Build.0 = Debug|Win32
		{0069147D-FECA-1BAD-0069-147D0069147D}.Release|Win32.ActiveCfg = Release|Win32
		{0069147D-FECA-1BAD-0069-147D0069147D}.Release|Win32.Build.0 = Release|Win32
		{1478855A-FECA-1BAD-1478-855A1478855A}.Debug|Win32.ActiveCfg = Debug|Win32
		{1478855A-FECA-1BAD-1478-855A1478855A}.Debug|Win32.Build.0 = Debug|Win32
		{1478855A-FECA-1BAD-1478-855A1478855A}.Release|Win32.ActiveCfg = Release|Win32
		{1478855A-FECA-1BAD-1478-855A1478855A}.Release|Win32.Build.0 = Release|Win32
		{84E02489-FECA-1BAD-84E0-248984E02489}.Debug|Win32.ActiveCfg = Debug|Win32
		{84E02489-FECA-1BAD-84E0-248984E02489}.Debug|Win32.Build.0 = Debug|Win32
		{84E02489-FECA-1BAD-84E0-248984E02489}.Release|Win32.ActiveCfg = Release|Win32
		{84E02489-FECA-1BAD-84E0-248984E02489}.Release|Win32.Build.0 = Release|Win32
		{00685562-FECA-1BAD-0068-556200685562}.Debug|Win32.ActiveCfg = Debug|Win32
		{00685562-FECA-1BAD-0068-556200685562}.Debug|Win32.Build.0 = Debug|Win32
		{00685562-FECA-1BAD-0068-556200685562}.Release|Win32.ActiveCfg = Release|Win32
		{00685562-FECA-1BAD-0068-556200685562}.Release|Win32.Build.0 = Release|Win32
		{559B9290-FECA-1BAD-559B-9290559B9290}.Debug|Win32.ActiveCfg = Debug|Win32
		{559B9290-FECA-1BAD-559B-9290559B9290}.Debug|Win32.Build.0 = Debug|Win32
		{559B9290-FECA-1BAD-559B-9290559B9290}.Release|Win32.ActiveCfg = Release|Win32
		{559B9290-FECA-1BAD-559B-9290559B9290}.Release|Win32.Build.0 = Release|Win32
		{076B31FE-FECA-1BAD-076B-31FE076B31FE}.Debug|Win32.ActiveCfg = Debug|Win32
		{076B31FE-FECA-1BAD-076B-31FE076B31FE}.Debug|Win32.Build.0 = Debug|Win32
		{076B31FE-FECA-1BAD-076B-31FE076B31FE}.Release|Win32.ActiveCfg = Release|Win32
		{076B31FE-FECA-1BAD-076B-31FE076B31FE}.Release|Win32.Build.0 = Release|Win32
		{7480F225-FECA-1BAD-7480-F2257480F225}.Debug|Win32.ActiveCfg = Debug|Win32
		{7480F225-FECA-1BAD-7480-F2257480F225}.Debug|Win32.Build.0 = Debug|Win32
		{7480F225-FECA-1BAD-7480-F2257480F225}.Release|Win32.ActiveCfg = Release|Win32
		{7480F225-FECA-1BAD-7480-F2257480F225}.Release|Win32.Build.0 = Release|Win32
		{F220F1B3-FECA-1BAD-F220-F1B3F220F1B3}.Debug|Win32.ActiveCfg = Debug|Win32
		{F220F1B3-FECA-1BAD-F220-F1B3F220F1B3}.Debug|Win32.Build.0 = Debug|Win32
		{F220F1B3-FECA-1BAD-F220-F1B3F220F1B3}.Release|Win32.ActiveCfg = Release|Win32
		{F220F1B3-FECA-1BAD-F220-F1B3F220F1B3}.Release|Win32.Build.0 = Release|Win32
		{0074625D-FECA-1BAD-0074-625D0074625D}.Debug|Win32.ActiveCfg = Debug|Win32
		{0074625D-FECA-1BAD-0074-625D0074625D}.Debug|Win32.Build.0 = Debug|Win32
		{0074625D-FECA-1BAD-0074-625D0074625D}.Release|Win32.ActiveCfg = Release|Win32
		{0074625D-FECA-1BAD-0074-625D0074625D}.Release|Win32.Build.0 = Release|Win32
		{0074622D-FECA-1BAD-0074-622D0074622D}.Debug|Win32.ActiveCfg = Debug|Win32
		{0074622D-FECA-1BAD-0074-622D0074622D}.Debug|Win32.Build.0 = Debug|Win32
		{0074622D-FECA-1BAD-0074-622D0074622D}.Release|Win32.ActiveCfg = Release|Win32
		{0074622D-FECA-1BAD-0074-622D0074622D}.Release|Win32.Build.0 = Release|Win32
		{95A64245-FECA-1BAD-95A6-424595A64245}.Debug|Win32.ActiveCfg = Debug|Win32
		{95A64245-FECA-1BAD-95A6-424595A64245}.Debug|Win32.Build.0 = Debug|Win32
		{95A64245-FECA-1BAD-95A6-424595A64245}.Release|Win32.ActiveCfg = Release|Win32
		{95A64245-FECA-1BAD-95A6-424595A64245}.Release|Win32.Build.0 = Release|Win32
		{000754B0-FECA-1BAD-0007-54B0000754B0}.Debug|Win32.ActiveCfg = Debug|Win32
		{000754B0-FECA-1BAD-0007-54B0000754B0}.Debug|Win32.Build.0 = Debug|Win32
		{000754B0-FECA-1BAD-0007-54B0000754B0}.Release|Win32.ActiveCfg = Release|Win32
		{000754B0-FECA-1BAD-0007-54B0000754B0}.Release|Win32.Build.0 = Release|Win32
		{00075459-FECA-1BAD-0007-545900075459}.Debug|Win32.ActiveCfg = Debug|Win32
		{00075459-FECA-1BAD-0007-545900075459}.Debug|Win32.Build.0 = Debug|Win32
		{00075459-FECA-1BAD-0007-545900075459}.Release|Win32.ActiveCfg = Release|Win32
		{00075459-FECA-1BAD-0007-545900075459}.Release|Win32.Build.0 = Release|Win32
		{00075FE2-FECA-1BAD-0007-5FE200075FE2}.Debug|Win32.ActiveCfg = Debug|Win32
		{00075FE2-FECA-1BAD-0007-5FE200075FE2}.Debug|Win32.Build.0 = Debug|Win32
		{00075FE2-FECA-1BAD-0007-5FE200075FE2}.Release|Win32.ActiveCfg = Release|Win32
		{00075FE2-FECA-1BAD-0007-5FE200075FE2}.Release|Win32.Build.0 = Release|Win32
		{A3259323-FECA-1BAD-A325-9323A3259323}.Debug|Win32.ActiveCfg = Debug|Win32
		{A3259323-FECA-1BAD-A325-9323A3259323}.Debug|Win32.Build.0 = Debug|Win32
		{A3259323-FECA-1BAD-A325-9323A3259323}.Release|Win32.ActiveCfg = Release|Win32
		{A3259323-FECA-1BAD-A325-9323A3259323}.Release|Win32.Build.0 = Release|Win32
		{0000075D-FECA-1BAD-0000-075D0000075D}.Debug|Win32.ActiveCfg = Debug|Win32
		{0000075D-FECA-1BAD-0000-075D0000075D}.Debug|Win32.Build.0 = Debug|Win32
		{0000075D-FECA-1BAD-0000-075D0000075D}.Release|Win32.ActiveCfg = Release|Win32
		{0000075D-FECA-1BAD-0000-075D0000075D}.Release|Win32.Build.0 = Release|Win32
		{000075A3-FECA-1BAD-0000-75A3000075A3}.Debug|Win32.ActiveCfg = Debug|Win32
		{000075A3-FECA-1BAD-0000-75A3000075A3}.Debug|Win32.Build.0 = Debug|Win32
		{000075A3-FECA-1BAD-0000-75A3000075A3}.Release|Win32.ActiveCfg = Release|Win32
		{000075A3-FECA-1BAD-0000-75A3000075A3}.Release|Win32.Build.0 = Release|Win32
		{075A5AF2-FECA-1BAD-075A-5AF2075A5AF2}.Debug|Win32.ActiveCfg = Debug|Win32
		{075A5AF2-FECA-1BAD-075A-5AF2075A5AF2}.Debug|Win32.Build.0 = Debug|Win32
		{075A5AF2-FECA-1BAD-075A-5AF2075A5AF2}.Release|Win32.ActiveCfg = Release|Win32
		{075A5AF2-FECA-1BAD-075A-5AF2075A5AF2}.Release|Win32.Build.0 = Release|Win32
		{00758240-FECA-1BAD-0075-824000758240}.Debug|Win32.ActiveCfg = Debug|Win32
		{00758240-FECA-1BAD-0075-824000758240}.Debug|Win32.Build.0 = Debug|Win32
		{00758240-FECA-1BAD-0075-824000758240}.Release|Win32.ActiveCfg = Release|Win32
		{00758240-FECA-1BAD-0075-824000758240}.Release|Win32.Build.0 = Release|Win32
		{00007593-FECA-1BAD-0000-759300007593}.Debug|Win32.ActiveCfg = Debug|Win32
		{00007593-FECA-1BAD-0000-759300007593}.Debug|Win32.Build.0 = Debug|Win32
		{00007593-FECA-1BAD-0000-759300007593}.Release|Win32.ActiveCfg = Release|Win32
		{00007593-FECA-1BAD-0000-759300007593}.Release|Win32.Build.0 = Release|Win32
		{00007444-FECA-1BAD-0000-744400007444}.Debug|Win32.ActiveCfg = Debug|Win32
		{00007444-FECA-1BAD-0000-744400007444}.Debug|Win32.Build.0 = Debug|Win32
		{00007444-FECA-1BAD-0000-744400007444}.Release|Win32.ActiveCfg = Release|Win32
		{00007444-FECA-1BAD-0000-744400007444}.Release|Win32.Build.0 = Release|Win32
		{74418533-FECA-1BAD-7441-853374418533}.Debug|Win32.ActiveCfg = Debug|Win32
		{74418533-FECA-1BAD-7441-853374418533}.Debug|Win32.Build.0 = Debug|Win32
		{74418533-FECA-1BAD-7441-853374418533}.Release|Win32.ActiveCfg = Release|Win32
		{74418533-FECA-1BAD-7441-853374418533}.Release|Win32.Build.0 = Release|Win32
		{00074263-FECA-1BAD-0007-426300074263}.Debug|Win32.ActiveCfg = Debug|Win32
		{00074263-FECA-1BAD-0007-426300074263}.Debug|Win32.Build.0 = Debug|Win32
		{00074263-FECA-1BAD-0007-426300074263}.Release|Win32.ActiveCfg = Release|Win32
		{00074263-FECA-1BAD-0007-426300074263}.Release|Win32.Build.0 = Release|Win32
		{0007426C-FECA-1BAD-0007-426C0007426C}.Debug|Win32.ActiveCfg = Debug|Win32
		{0007426C-FECA-1BAD-0007-426C0007426C}.Debug|Win32.Build.0 = Debug|Win32
		{0007426C-FECA-1BAD-0007-426C0007426C}.Release|Win32.ActiveCfg = Release|Win32
		{0007426C-FECA-1BAD-0007-426C0007426C}.Release|Win32.Build.0 = Release|Win32
		{74E69F94-FECA-1BAD-74E6-9F9474E69F94}.Debug|Win32.ActiveCfg = Debug|Win32
		{74E69F94-FECA-1BAD-74E6-9F9474E69F94}.Debug|Win32.Build.0 = Debug|Win32
		{74E69F94-FECA-1BAD-74E6-9F9474E69F94}.Release|Win32.ActiveCfg = Release|Win32
		{74E69F94-FECA-1BAD-74E6-9F9474E69F94}.Release|Win32.Build.0 = Release|Win32
		{74E68533-FECA-1BAD-74E6-853374E68533}.Debug|Win32.ActiveCfg = Debug|Win32
		{74E68533-FECA-1BAD-74E6-853374E68533}.Debug|Win32.Build.0 = Debug|Win32
		{74E68533-FECA-1BAD-74E6-853374E68533}.Release|Win32.ActiveCfg = Release|Win32
		{74E68533-FECA-1BAD-74E6-853374E68533}.Release|Win32.Build.0 = Release|Win32
		{074E423D-FECA-1BAD-074E-423D074E423D}.Debug|Win32.ActiveCfg = Debug|Win32
		{074E423D-FECA-1BAD-074E-423D074E423D}.Debug|Win32.Build.0 = Debug|Win32
		{074E423D-FECA-1BAD-074E-423D074E423D}.Release|Win32.ActiveCfg = Release|Win32
		{074E423D-FECA-1BAD-074E-423D074E423D}.Release|Win32.Build.0 = Release|Win32
		{007246E0-FECA-1BAD-0072-46E0007246E0}.Debug|Win32.ActiveCfg = Debug|Win32
		{007246E0-FECA-1BAD-0072-46E0007246E0}.Debug|Win32.Build.0 = Debug|Win32
		{007246E0-FECA-1BAD-0072-46E0007246E0}.Release|Win32.ActiveCfg = Release|Win32
		{007246E0-FECA-1BAD-0072-46E0007246E0}.Release|Win32.Build.0 = Release|Win32
		{6E58182D-FECA-1BAD-6E58-182D6E58182D}.Debug|Win32.ActiveCfg = Debug|Win32
		{6E58182D-FECA-1BAD-6E58-182D6E58182D}.Debug|Win32.Build.0 = Debug|Win32
		{6E58182D-FECA-1BAD-6E58-182D6E58182D}.Release|Win32.ActiveCfg = Release|Win32
		{6E58182D-FECA-1BAD-6E58-182D6E58182D}.Release|Win32.Build.0 = Release|Win32
		{00007344-FECA-1BAD-0000-734400007344}.Debug|Win32.ActiveCfg = Debug|Win32
		{00007344-FECA-1BAD-0000-734400007344}.Debug|Win32.Build.0 = Debug|Win32
		{00007344-FECA-1BAD-0000-734400007344}.Release|Win32.ActiveCfg = Release|Win32
		{00007344-FECA-1BAD-0000-734400007344}.Release|Win32.Build.0 = Release|Win32
		{00007338-FECA-1BAD-0000-733800007338}.Debug|Win32.ActiveCfg = Debug|Win32
		{00007338-FECA-1BAD-0000-733800007338}.Debug|Win32.Build.0 = Debug|Win32
		{00007338-FECA-1BAD-0000-733800007338}.Release|Win32.ActiveCfg = Release|Win32
		{00007338-FECA-1BAD-0000-733800007338}.Release|Win32.Build.0 = Release|Win32
		{00705644-FECA-1BAD-0070-564400705644}.Debug|Win32.ActiveCfg = Debug|Win32
		{00705644-FECA-1BAD-0070-564400705644}.Debug|Win32.Build.0 = Debug|Win32
		{00705644-FECA-1BAD-0070-564400705644}.Release|Win32.ActiveCfg = Release|Win32
		{00705644-FECA-1BAD-0070-564400705644}.Release|Win32.Build.0 = Release|Win32
		{38284600-FECA-1BAD-3828-460038284600}.Debug|Win32.ActiveCfg = Debug|Win32
		{38284600-FECA-1BAD-3828-460038284600}.Debug|Win32.Build.0 = Debug|Win32
		{38284600-FECA-1BAD-3828-460038284600}.Release|Win32.ActiveCfg = Release|Win32
		{38284600-FECA-1BAD-3828-460038284600}.Release|Win32.Build.0 = Release|Win32
		{0070248F-FECA-1BAD-0070-248F0070248F}.Debug|Win32.ActiveCfg = Debug|Win32
		{0070248F-FECA-1BAD-0070-248F0070248F}.Debug|Win32.Build.0 = Debug|Win32
		{0070248F-FECA-1BAD-0070-248F0070248F}.Release|Win32.ActiveCfg = Release|Win32
		{0070248F-FECA-1BAD-0070-248F0070248F}.Release|Win32.Build.0 = Release|Win32
		{0070F23F-FECA-1BAD-0070-F23F0070F23F}.Debug|Win32.ActiveCfg = Debug|Win32
		{0070F23F-FECA-1BAD-0070-F23F0070F23F}.Debug|Win32.Build.0 = Debug|Win32
		{0070F23F-FECA-1BAD-0070-F23F0070F23F}.Release|Win32.ActiveCfg = Release|Win32
		{0070F23F-FECA-1BAD-0070-F23F0070F23F}.Release|Win32.Build.0 = Release|Win32
		{3A95E2C1-FECA-1BAD-3A95-E2C13A95E2C1}.Debug|Win32.ActiveCfg = Debug|Win32
		{3A95E2C1-FECA-1BAD-3A95-E2C13A95E2C1}.Debug|Win32.Build.0 = Debug|Win32
		{3A95E2C1-FECA-1BAD-3A95-E2C13A95E2C1}.Release|Win32.ActiveCfg = Release|Win32
		{3A95E2C1-FECA-1BAD-3A95-E2C13A95E2C1}.Release|Win32.Build.0 = Release|Win32
		{E2C4BFA6-FECA-1BAD-E2C4-BFA6E2C4BFA6}.Debug|Win32.ActiveCfg = Debug|Win32
		{E2C4BFA6-FECA-1BAD-E2C4-BFA6E2C4BFA6}.Debug|Win32.Build.0 = Debug|Win32
		{E2C4BFA6-FECA-1BAD-E2C4-BFA6E2C4BFA6}.Release|Win32.ActiveCfg = Release|Win32
		{E2C4BFA6-FECA-1BAD-E2C4-BFA6E2C4BFA6}.Release|Win32.Build.0 = Release|Win32
		{F23A8543-FECA-1BAD-F23A-8543F23A8543}.Debug|Win32.ActiveCfg = Debug|Win32
		{F23A8543-FECA-1BAD-F23A-8543F23A8543}.Debug|Win32.Build.0 = Debug|Win32
		{F23A8543-FECA-1BAD-F23A-8543F23A8543}.Release|Win32.ActiveCfg = Release|Win32
		{F23A8543-FECA-1BAD-F23A-8543F23A8543}.Release|Win32.Build.0 = Release|Win32
		{071F803F-FECA-1BAD-071F-803F071F803F}.Debug|Win32.ActiveCfg = Debug|Win32
		{071F803F-FECA-1BAD-071F-803F071F803F}.Debug|Win32.Build.0 = Debug|Win32
		{071F803F-FECA-1BAD-071F-803F071F803F}.Release|Win32.ActiveCfg = Release|Win32
		{071F803F-FECA-1BAD-071F-803F071F803F}.Release|Win32.Build.0 = Release|Win32
		{000071A4-FECA-1BAD-0000-71A4000071A4}.Debug|Win32.ActiveCfg = Debug|Win32
		{000071A4-FECA-1BAD-0000-71A4000071A4}.Debug|Win32.Build.0 = Debug|Win32
		{000071A4-FECA-1BAD-0000-71A4000071A4}.Release|Win32.ActiveCfg = Release|Win32
		{000071A4-FECA-1BAD-0000-71A4000071A4}.Release|Win32.Build.0 = Release|Win32
		{0007EBB0-FECA-1BAD-0007-EBB00007EBB0}.Debug|Win32.ActiveCfg = Debug|Win32
		{0007EBB0-FECA-1BAD-0007-EBB00007EBB0}.Debug|Win32.Build.0 = Debug|Win32
		{0007EBB0-FECA-1BAD-0007-EBB00007EBB0}.Release|Win32.ActiveCfg = Release|Win32
		{0007EBB0-FECA-1BAD-0007-EBB00007EBB0}.Release|Win32.Build.0 = Release|Win32
		{007FE45C-FECA-1BAD-007F-E45C007FE45C}.Debug|Win32.ActiveCfg = Debug|Win32
		{007FE45C-FECA-1BAD-007F-E45C007FE45C}.Debug|Win32.Build.0 = Debug|Win32
		{007FE45C-FECA-1BAD-007F-E45C007FE45C}.Release|Win32.ActiveCfg = Release|Win32
		{007FE45C-FECA-1BAD-007F-E45C007FE45C}.Release|Win32.Build.0 = Release|Win32
		{E459974F-FECA-1BAD-E459-974FE459974F}.Debug|Win32.ActiveCfg = Debug|Win32
		{E459974F-FECA-1BAD-E459-974FE459974F}.Debug|Win32.Build.0 = Debug|Win32
		{E459974F-FECA-1BAD-E459-974FE459974F}.Release|Win32.ActiveCfg = Release|Win32
		{E459974F-FECA-1BAD-E459-974FE459974F}.Release|Win32.Build.0 = Release|Win32
	EndGlobalSection
	GlobalSection(SolutionProperties) = preSolution
		HideSolutionNode = FALSE
	EndGlobalSection
EndGlobal
